
Microsoft Visual Studio Solution File, Format Version 12.00
# Visual Studio 15
VisualStudioVersion = 15.0.27004.2005
MinimumVisualStudioVersion = 10.0.40219.1
Project("{FAE04EC0-301F-11D3-BF4B-00C04F79EFBC}") = "webtest", "webtest\webtest.csproj", "{C49F952C-BEBD-4157-8EC3-06AE5DF8A828}"
EndProject
Project("{FAE04EC0-301F-11D3-BF4B-00C04F79EFBC}") = "ServerApi", "ServerApi\ServerApi.csproj", "{A0566DC3-E26E-4D00-9E76-E2352D787771}"
EndProject
Project("{FAE04EC0-301F-11D3-BF4B-00C04F79EFBC}") = "ClientApp", "WindowsFormsApp1\ClientApp.csproj", "{03823B95-AB48-48B9-A7F7-264387FEA4FE}"
EndProject
Project("{FAE04EC0-301F-11D3-BF4B-00C04F79EFBC}") = "test", "test\test.csproj", "{83F3334A-2DE7-4D2E-AE9D-FF02B7C99E15}"
EndProject
Project("{FAE04EC0-301F-11D3-BF4B-00C04F79EFBC}") = "MeteoClientApp", "MeteoClientApp\MeteoClientApp.csproj", "{57A027F0-A916-4D2A-9D1D-264CE362CBDD}"
EndProject
Global
	GlobalSection(SolutionConfigurationPlatforms) = preSolution
		Debug|Any CPU = Debug|Any CPU
		Release|Any CPU = Release|Any CPU
	EndGlobalSection
	GlobalSection(ProjectConfigurationPlatforms) = postSolution
		{C49F952C-BEBD-4157-8EC3-06AE5DF8A828}.Debug|Any CPU.ActiveCfg = Debug|Any CPU
		{C49F952C-BEBD-4157-8EC3-06AE5DF8A828}.Debug|Any CPU.Build.0 = Debug|Any CPU
		{C49F952C-BEBD-4157-8EC3-06AE5DF8A828}.Release|Any CPU.ActiveCfg = Release|Any CPU
		{C49F952C-BEBD-4157-8EC3-06AE5DF8A828}.Release|Any CPU.Build.0 = Release|Any CPU
		{A0566DC3-E26E-4D00-9E76-E2352D787771}.Debug|Any CPU.ActiveCfg = Debug|Any CPU
		{A0566DC3-E26E-4D00-9E76-E2352D787771}.Debug|Any CPU.Build.0 = Debug|Any CPU
		{A0566DC3-E26E-4D00-9E76-E2352D787771}.Release|Any CPU.ActiveCfg = Release|Any CPU
		{A0566DC3-E26E-4D00-9E76-E2352D787771}.Release|Any CPU.Build.0 = Release|Any CPU
		{03823B95-AB48-48B9-A7F7-264387FEA4FE}.Debug|Any CPU.ActiveCfg = Debug|Any CPU
		{03823B95-AB48-48B9-A7F7-264387FEA4FE}.Debug|Any CPU.Build.0 = Debug|Any CPU
		{03823B95-AB48-48B9-A7F7-264387FEA4FE}.Release|Any CPU.ActiveCfg = Release|Any CPU
		{03823B95-AB48-48B9-A7F7-264387FEA4FE}.Release|Any CPU.Build.0 = Release|Any CPU
		{83F3334A-2DE7-4D2E-AE9D-FF02B7C99E15}.Debug|Any CPU.ActiveCfg = Debug|Any CPU
		{83F3334A-2DE7-4D2E-AE9D-FF02B7C99E15}.Debug|Any CPU.Build.0 = Debug|Any CPU
		{83F3334A-2DE7-4D2E-AE9D-FF02B7C99E15}.Release|Any CPU.ActiveCfg = Release|Any CPU
		{83F3334A-2DE7-4D2E-AE9D-FF02B7C99E15}.Release|Any CPU.Build.0 = Release|Any CPU
		{57A027F0-A916-4D2A-9D1D-264CE362CBDD}.Debug|Any CPU.ActiveCfg = Debug|Any CPU
		{57A027F0-A916-4D2A-9D1D-264CE362CBDD}.Debug|Any CPU.Build.0 = Debug|Any CPU
		{57A027F0-A916-4D2A-9D1D-264CE362CBDD}.Release|Any CPU.ActiveCfg = Release|Any CPU
		{57A027F0-A916-4D2A-9D1D-264CE362CBDD}.Release|Any CPU.Build.0 = Release|Any CPU
	EndGlobalSection
	GlobalSection(SolutionProperties) = preSolution
		HideSolutionNode = FALSE
	EndGlobalSection
	GlobalSection(ExtensibilityGlobals) = postSolution
		SolutionGuid = {78B60D4A-73A4-4FDB-8EFD-10607615259F}
	EndGlobalSection
EndGlobal
